# GENERATED by tools/lock_build_deps.py from requirements-agent.in. Do not edit by hand.
# Target: CPython 3.12.10, win_amd64 (the GitHub windows runner build interpreter).
# Resolved from packages uploaded before 2026-10-06T06:50:00Z.
# Every shipped and build-time package is listed (transitive dependencies included)
# with the SHA-256 of the exact wheel. Install ONLY with:
#   python -m pip install --require-hashes --no-deps --only-binary=:all: -r requirements-agent.lock

altgraph==0.17.5 \
    --hash=sha256:f3a22400bce1b0c701683820ac4f3b159cd301acab067c51c653e06961600597
    # altgraph-0.17.5-py2.py3-none-any.whl
certifi==2026.7.22 \
    --hash=sha256:62f22742b58a1a33014a2b6b706588a8d7e2a88ae7bd1a6ebe8c992928483775
    # certifi-2026.7.22-py3-none-any.whl
cffi==2.1.1 \
    --hash=sha256:f53e442b08449d42821fa4a4fba000095af9f62742a500f978a9f557ec44339a
    # cffi-2.1.1-cp312-cp312-win_amd64.whl
charset-normalizer==3.5.2 \
    --hash=sha256:780fbe7cab297b81dad9fb8dc5eb003c0468ffb0d9e5f65068c53a34661a96bc
    # charset_normalizer-3.5.2-cp312-cp312-win_amd64.whl
cryptography==50.0.2 \
    --hash=sha256:7afa5a6602a9f29af1f3a2965f831bae7c9d5d597b7cbb716d41ab3b7d89879c
    # cryptography-50.0.2-cp311-abi3-win_amd64.whl
flatbuffers==25.12.19 \
    --hash=sha256:7634f50c427838bb021c2d66a3d1168e9d199b0607e6329399f04846d42e20b4
    # flatbuffers-25.12.19-py2.py3-none-any.whl
idna==3.20 \
    --hash=sha256:ab7ae7122974553370f0bdb919e1a960b2cd1bc1ef0276416d896db81c14582c
    # idna-3.20-py3-none-any.whl
imageio-ffmpeg==0.6.0 \
    --hash=sha256:02fa47c83703c37df6bfe4896aab339013f62bf02c5ebf2dce6da56af04ffc0a
    # imageio_ffmpeg-0.6.0-py3-none-win_amd64.whl
numpy==2.5.3 \
    --hash=sha256:0a59a421a32580a009e8a1751345bf829631b990dc1794b80514ab722b435def
    # numpy-2.5.3-cp312-cp312-win_amd64.whl
onnxruntime==1.30.0 \
    --hash=sha256:f3501472571f1b1eee50e017851e7929f5ea37312d2d8c2494a19e8fc58b4a38
    # onnxruntime-1.30.0-cp312-cp312-win_amd64.whl
packaging==26.3 \
    --hash=sha256:d7193f7c8e4e93f444fde0262bf90af30e16fa0ad0ad44cb553c87339b23cd1c
    # packaging-26.3-py3-none-any.whl
pefile==2024.8.26 \
    --hash=sha256:76f8b485dcd3b1bb8166f1128d395fa3d87af26360c2358fb75b80019b957c6f
    # pefile-2024.8.26-py3-none-any.whl
pillow==12.3.0 \
    --hash=sha256:a2b55dd6b2a4c4b7d87ffa56bdb33fdc5fdb9a462173861a7bc097f17d91cb09
    # pillow-12.3.0-cp312-cp312-win_amd64.whl
protobuf==7.36.2 \
    --hash=sha256:a300819d441e078a5608c0d3c709796bb548136058fda017ae51d425b44fd353
    # protobuf-7.36.2-cp310-abi3-win_amd64.whl
psutil==7.2.2 \
    --hash=sha256:eb7e81434c8d223ec4a219b5fc1c47d0417b12be7ea866e24fb5ad6e84b3d988
    # psutil-7.2.2-cp37-abi3-win_amd64.whl
pycparser==3.0 \
    --hash=sha256:b727414169a36b7d524c1c3e31839a521725078d7b2ff038656844266160a992
    # pycparser-3.0-py3-none-any.whl
pyinstaller==6.22.3 \
    --hash=sha256:500bd58c7bf7e584a8435adccbd763a0b918d5c12b08d74ff50fd79b2915458b
    # pyinstaller-6.22.3-py3-none-win_amd64.whl
pyinstaller-hooks-contrib==2026.8 \
    --hash=sha256:6d21d65323ea4467753afc21f52d7d0e69416ae8101dd88269bf273ad48db084
    # pyinstaller_hooks_contrib-2026.8-py3-none-any.whl
pywin32-ctypes==0.2.3 \
    --hash=sha256:8a1513379d709975552d202d942d9837758905c8d01eb82b8bcc30918929e7b8
    # pywin32_ctypes-0.2.3-py3-none-any.whl
requests==2.34.2 \
    --hash=sha256:2a0d60c172f83ac6ab31e4554906c0f3b3588d37b5cb939b1c061f4907e278e0
    # requests-2.34.2-py3-none-any.whl
setuptools==84.0.0 \
    --hash=sha256:51a52592b3b99e102b609654876bd65f19f999935166d1352678931132b0c670
    # setuptools-84.0.0-py3-none-any.whl
tzdata==2026.5 \
    --hash=sha256:b683bd1b6659ddcd810ff02ad09ba821d4bf1065072805063eb35c49617905ac
    # tzdata-2026.5-py2.py3-none-any.whl
urllib3==2.8.0 \
    --hash=sha256:0cf3cae568d36aa9576b28dfb35f11328f1cb974ca7647d9475ebb86c75ac6e3
    # urllib3-2.8.0-py3-none-any.whl
